
Microsoft Visual Studio Solution File, Format Version 12.00
# Visual Studio Version 16
VisualStudioVersion = 16.0.32126.315
MinimumVisualStudioVersion = 10.0.40219.1
Project("{9A19103F-16F7-4668-BE54-9A1E7A4F7556}") = "PZ_5", "PZ_5\PZ_5.csproj", "{1F1FABEE-8FCC-4900-A4E2-8CF8D9ACC3C3}"
EndProject
Project("{9A19103F-16F7-4668-BE54-9A1E7A4F7556}") = "PZ_6", "PZ_6\PZ_6.csproj", "{8D9BC061-F133-4A4D-921A-E92E6DC049D6}"
EndProject
Project("{9A19103F-16F7-4668-BE54-9A1E7A4F7556}") = "PZ_7", "PZ_7\PZ_7.csproj", "{B9ACBD06-2FDE-486E-B96D-72DED8DFD94A}"
EndProject
Project("{9A19103F-16F7-4668-BE54-9A1E7A4F7556}") = "PZ_8", "PZ_8\PZ_8.csproj", "{A3C097BB-1A9D-48F7-8B1C-B43B2326CD72}"
EndProject
Project("{9A19103F-16F7-4668-BE54-9A1E7A4F7556}") = "PZ_9", "PZ_9\PZ_9.csproj", "{FCCA719E-8E35-4680-852F-B209AD7C37C0}"
EndProject
Project("{9A19103F-16F7-4668-BE54-9A1E7A4F7556}") = "PZ_10", "PZ_10\PZ_10.csproj", "{EB1AEDDE-6CEB-48AB-897E-14C82F092AEF}"
EndProject
Project("{9A19103F-16F7-4668-BE54-9A1E7A4F7556}") = "PZ_11", "PZ_11\PZ_11.csproj", "{622679EE-AC41-492B-9F42-1AFDF805B393}"
EndProject
Project("{9A19103F-16F7-4668-BE54-9A1E7A4F7556}") = "PZ_12", "PZ_12\PZ_12.csproj", "{5C3DD223-734B-4E7C-BC1C-033A6BC10D6F}"
EndProject
Project("{9A19103F-16F7-4668-BE54-9A1E7A4F7556}") = "PZ_13", "PZ_13\PZ_13.csproj", "{4E46EC14-DE06-4043-973B-7ABDDBBCA8B8}"
EndProject
Project("{9A19103F-16F7-4668-BE54-9A1E7A4F7556}") = "PZ_14", "PZ_14_I\PZ_14.csproj", "{9C3E1000-C473-4A82-A3A2-98138DFF7601}"
EndProject
Project("{9A19103F-16F7-4668-BE54-9A1E7A4F7556}") = "PZ_21.11.22", "PZ_21.11.22\PZ_21.11.22.csproj", "{B82C4910-E508-4815-B071-FAAD0356DCC1}"
EndProject
Project("{FAE04EC0-301F-11D3-BF4B-00C04F79EFBC}") = "PZ_23.11.22", "PZ_23.11.22\PZ_23.11.22.csproj", "{735EF75C-25CC-4CEF-908D-F6668E217D37}"
EndProject
Global
	GlobalSection(SolutionConfigurationPlatforms) = preSolution
		Debug|Any CPU = Debug|Any CPU
		Release|Any CPU = Release|Any CPU
	EndGlobalSection
	GlobalSection(ProjectConfigurationPlatforms) = postSolution
		{1F1FABEE-8FCC-4900-A4E2-8CF8D9ACC3C3}.Debug|Any CPU.ActiveCfg = Debug|Any CPU
		{1F1FABEE-8FCC-4900-A4E2-8CF8D9ACC3C3}.Debug|Any CPU.Build.0 = Debug|Any CPU
		{1F1FABEE-8FCC-4900-A4E2-8CF8D9ACC3C3}.Release|Any CPU.ActiveCfg = Release|Any CPU
		{1F1FABEE-8FCC-4900-A4E2-8CF8D9ACC3C3}.Release|Any CPU.Build.0 = Release|Any CPU
		{8D9BC061-F133-4A4D-921A-E92E6DC049D6}.Debug|Any CPU.ActiveCfg = Debug|Any CPU
		{8D9BC061-F133-4A4D-921A-E92E6DC049D6}.Debug|Any CPU.Build.0 = Debug|Any CPU
		{8D9BC061-F133-4A4D-921A-E92E6DC049D6}.Release|Any CPU.ActiveCfg = Release|Any CPU
		{8D9BC061-F133-4A4D-921A-E92E6DC049D6}.Release|Any CPU.Build.0 = Release|Any CPU
		{B9ACBD06-2FDE-486E-B96D-72DED8DFD94A}.Debug|Any CPU.ActiveCfg = Debug|Any CPU
		{B9ACBD06-2FDE-486E-B96D-72DED8DFD94A}.Debug|Any CPU.Build.0 = Debug|Any CPU
		{B9ACBD06-2FDE-486E-B96D-72DED8DFD94A}.Release|Any CPU.ActiveCfg = Release|Any CPU
		{B9ACBD06-2FDE-486E-B96D-72DED8DFD94A}.Release|Any CPU.Build.0 = Release|Any CPU
		{A3C097BB-1A9D-48F7-8B1C-B43B2326CD72}.Debug|Any CPU.ActiveCfg = Debug|Any CPU
		{A3C097BB-1A9D-48F7-8B1C-B43B2326CD72}.Debug|Any CPU.Build.0 = Debug|Any CPU
		{A3C097BB-1A9D-48F7-8B1C-B43B2326CD72}.Release|Any CPU.ActiveCfg = Release|Any CPU
		{A3C097BB-1A9D-48F7-8B1C-B43B2326CD72}.Release|Any CPU.Build.0 = Release|Any CPU
		{FCCA719E-8E35-4680-852F-B209AD7C37C0}.Debug|Any CPU.ActiveCfg = Debug|Any CPU
		{FCCA719E-8E35-4680-852F-B209AD7C37C0}.Debug|Any CPU.Build.0 = Debug|Any CPU
		{FCCA719E-8E35-4680-852F-B209AD7C37C0}.Release|Any CPU.ActiveCfg = Release|Any CPU
		{FCCA719E-8E35-4680-852F-B209AD7C37C0}.Release|Any CPU.Build.0 = Release|Any CPU
		{EB1AEDDE-6CEB-48AB-897E-14C82F092AEF}.Debug|Any CPU.ActiveCfg = Debug|Any CPU
		{EB1AEDDE-6CEB-48AB-897E-14C82F092AEF}.Debug|Any CPU.Build.0 = Debug|Any CPU
		{EB1AEDDE-6CEB-48AB-897E-14C82F092AEF}.Release|Any CPU.ActiveCfg = Release|Any CPU
		{EB1AEDDE-6CEB-48AB-897E-14C82F092AEF}.Release|Any CPU.Build.0 = Release|Any CPU
		{622679EE-AC41-492B-9F42-1AFDF805B393}.Debug|Any CPU.ActiveCfg = Debug|Any CPU
		{622679EE-AC41-492B-9F42-1AFDF805B393}.Debug|Any CPU.Build.0 = Debug|Any CPU
		{622679EE-AC41-492B-9F42-1AFDF805B393}.Release|Any CPU.ActiveCfg = Release|Any CPU
		{622679EE-AC41-492B-9F42-1AFDF805B393}.Release|Any CPU.Build.0 = Release|Any CPU
		{5C3DD223-734B-4E7C-BC1C-033A6BC10D6F}.Debug|Any CPU.ActiveCfg = Debug|Any CPU
		{5C3DD223-734B-4E7C-BC1C-033A6BC10D6F}.Debug|Any CPU.Build.0 = Debug|Any CPU
		{5C3DD223-734B-4E7C-BC1C-033A6BC10D6F}.Release|Any CPU.ActiveCfg = Release|Any CPU
		{5C3DD223-734B-4E7C-BC1C-033A6BC10D6F}.Release|Any CPU.Build.0 = Release|Any CPU
		{4E46EC14-DE06-4043-973B-7ABDDBBCA8B8}.Debug|Any CPU.ActiveCfg = Debug|Any CPU
		{4E46EC14-DE06-4043-973B-7ABDDBBCA8B8}.Debug|Any CPU.Build.0 = Debug|Any CPU
		{4E46EC14-DE06-4043-973B-7ABDDBBCA8B8}.Release|Any CPU.ActiveCfg = Release|Any CPU
		{4E46EC14-DE06-4043-973B-7ABDDBBCA8B8}.Release|Any CPU.Build.0 = Release|Any CPU
		{9C3E1000-C473-4A82-A3A2-98138DFF7601}.Debug|Any CPU.ActiveCfg = Debug|Any CPU
		{9C3E1000-C473-4A82-A3A2-98138DFF7601}.Debug|Any CPU.Build.0 = Debug|Any CPU
		{9C3E1000-C473-4A82-A3A2-98138DFF7601}.Release|Any CPU.ActiveCfg = Release|Any CPU
		{9C3E1000-C473-4A82-A3A2-98138DFF7601}.Release|Any CPU.Build.0 = Release|Any CPU
		{B82C4910-E508-4815-B071-FAAD0356DCC1}.Debug|Any CPU.ActiveCfg = Debug|Any CPU
		{B82C4910-E508-4815-B071-FAAD0356DCC1}.Debug|Any CPU.Build.0 = Debug|Any CPU
		{B82C4910-E508-4815-B071-FAAD0356DCC1}.Release|Any CPU.ActiveCfg = Release|Any CPU
		{B82C4910-E508-4815-B071-FAAD0356DCC1}.Release|Any CPU.Build.0 = Release|Any CPU
		{735EF75C-25CC-4CEF-908D-F6668E217D37}.Debug|Any CPU.ActiveCfg = Debug|Any CPU
		{735EF75C-25CC-4CEF-908D-F6668E217D37}.Debug|Any CPU.Build.0 = Debug|Any CPU
		{735EF75C-25CC-4CEF-908D-F6668E217D37}.Release|Any CPU.ActiveCfg = Release|Any CPU
		{735EF75C-25CC-4CEF-908D-F6668E217D37}.Release|Any CPU.Build.0 = Release|Any CPU
	EndGlobalSection
	GlobalSection(SolutionProperties) = preSolution
		HideSolutionNode = FALSE
	EndGlobalSection
	GlobalSection(ExtensibilityGlobals) = postSolution
		SolutionGuid = {4260ECFD-898E-41B1-924C-C3B1A0B91543}
	EndGlobalSection
EndGlobal
