
Microsoft Visual Studio Solution File, Format Version 12.00
# Visual Studio Version 16
VisualStudioVersion = 16.0.32126.315
MinimumVisualStudioVersion = 10.0.40219.1
Project("{FAE04EC0-301F-11D3-BF4B-00C04F79EFBC}") = "PZ_5", "PZ_5\PZ_5.csproj", "{1F1FABEE-8FCC-4900-A4E2-8CF8D9ACC3C3}"
EndProject
Global
	GlobalSection(SolutionConfigurationPlatforms) = preSolution
		Debug|Any CPU = Debug|Any CPU
		Release|Any CPU = Release|Any CPU
	EndGlobalSection
	GlobalSection(ProjectConfigurationPlatforms) = postSolution
		{1F1FABEE-8FCC-4900-A4E2-8CF8D9ACC3C3}.Debug|Any CPU.ActiveCfg = Debug|Any CPU
		{1F1FABEE-8FCC-4900-A4E2-8CF8D9ACC3C3}.Debug|Any CPU.Build.0 = Debug|Any CPU
		{1F1FABEE-8FCC-4900-A4E2-8CF8D9ACC3C3}.Release|Any CPU.ActiveCfg = Release|Any CPU
		{1F1FABEE-8FCC-4900-A4E2-8CF8D9ACC3C3}.Release|Any CPU.Build.0 = Release|Any CPU
	EndGlobalSection
	GlobalSection(SolutionProperties) = preSolution
		HideSolutionNode = FALSE
	EndGlobalSection
	GlobalSection(ExtensibilityGlobals) = postSolution
		SolutionGuid = {4260ECFD-898E-41B1-924C-C3B1A0B91543}
	EndGlobalSection
EndGlobal
